
Microsoft Visual Studio Solution File, Format Version 12.00
# Visual Studio Version 16
VisualStudioVersion = 16.0.31410.357
MinimumVisualStudioVersion = 10.0.40219.1
Project("{FAE04EC0-301F-11D3-BF4B-00C04F79EFBC}") = "DI_Sample.Android", "DI_Sample.Android\DI_Sample.Android.csproj", "{5CF64F80-701E-483E-9A4E-AABBB8BABEAB}"
EndProject
Project("{FAE04EC0-301F-11D3-BF4B-00C04F79EFBC}") = "DI_Sample", "DI_Sample\DI_Sample.csproj", "{D1B175DF-F745-48B4-AE37-AFCD7A28BA5F}"
EndProject
Global
	GlobalSection(SolutionConfigurationPlatforms) = preSolution
		Debug|Any CPU = Debug|Any CPU
		Debug|iPhone = Debug|iPhone
		Debug|iPhoneSimulator = Debug|iPhoneSimulator
		Release|Any CPU = Release|Any CPU
		Release|iPhone = Release|iPhone
		Release|iPhoneSimulator = Release|iPhoneSimulator
	EndGlobalSection
	GlobalSection(ProjectConfigurationPlatforms) = postSolution
		{5CF64F80-701E-483E-9A4E-AABBB8BABEAB}.Debug|Any CPU.ActiveCfg = Debug|Any CPU
		{5CF64F80-701E-483E-9A4E-AABBB8BABEAB}.Debug|Any CPU.Build.0 = Debug|Any CPU
		{5CF64F80-701E-483E-9A4E-AABBB8BABEAB}.Debug|Any CPU.Deploy.0 = Debug|Any CPU
		{5CF64F80-701E-483E-9A4E-AABBB8BABEAB}.Debug|iPhone.ActiveCfg = Debug|Any CPU
		{5CF64F80-701E-483E-9A4E-AABBB8BABEAB}.Debug|iPhone.Build.0 = Debug|Any CPU
		{5CF64F80-701E-483E-9A4E-AABBB8BABEAB}.Debug|iPhone.Deploy.0 = Debug|Any CPU
		{5CF64F80-701E-483E-9A4E-AABBB8BABEAB}.Debug|iPhoneSimulator.ActiveCfg = Debug|Any CPU
		{5CF64F80-701E-483E-9A4E-AABBB8BABEAB}.Debug|iPhoneSimulator.Build.0 = Debug|Any CPU
		{5CF64F80-701E-483E-9A4E-AABBB8BABEAB}.Debug|iPhoneSimulator.Deploy.0 = Debug|Any CPU
		{5CF64F80-701E-483E-9A4E-AABBB8BABEAB}.Release|Any CPU.ActiveCfg = Release|Any CPU
		{5CF64F80-701E-483E-9A4E-AABBB8BABEAB}.Release|Any CPU.Build.0 = Release|Any CPU
		{5CF64F80-701E-483E-9A4E-AABBB8BABEAB}.Release|Any CPU.Deploy.0 = Release|Any CPU
		{5CF64F80-701E-483E-9A4E-AABBB8BABEAB}.Release|iPhone.ActiveCfg = Release|Any CPU
		{5CF64F80-701E-483E-9A4E-AABBB8BABEAB}.Release|iPhone.Build.0 = Release|Any CPU
		{5CF64F80-701E-483E-9A4E-AABBB8BABEAB}.Release|iPhone.Deploy.0 = Release|Any CPU
		{5CF64F80-701E-483E-9A4E-AABBB8BABEAB}.Release|iPhoneSimulator.ActiveCfg = Release|Any CPU
		{5CF64F80-701E-483E-9A4E-AABBB8BABEAB}.Release|iPhoneSimulator.Build.0 = Release|Any CPU
		{5CF64F80-701E-483E-9A4E-AABBB8BABEAB}.Release|iPhoneSimulator.Deploy.0 = Release|Any CPU
		{D1B175DF-F745-48B4-AE37-AFCD7A28BA5F}.Debug|Any CPU.ActiveCfg = Debug|Any CPU
		{D1B175DF-F745-48B4-AE37-AFCD7A28BA5F}.Debug|Any CPU.Build.0 = Debug|Any CPU
		{D1B175DF-F745-48B4-AE37-AFCD7A28BA5F}.Debug|Any CPU.Deploy.0 = Debug|Any CPU
		{D1B175DF-F745-48B4-AE37-AFCD7A28BA5F}.Debug|iPhone.ActiveCfg = Debug|Any CPU
		{D1B175DF-F745-48B4-AE37-AFCD7A28BA5F}.Debug|iPhone.Build.0 = Debug|Any CPU
		{D1B175DF-F745-48B4-AE37-AFCD7A28BA5F}.Debug|iPhone.Deploy.0 = Debug|Any CPU
		{D1B175DF-F745-48B4-AE37-AFCD7A28BA5F}.Debug|iPhoneSimulator.ActiveCfg = Debug|Any CPU
		{D1B175DF-F745-48B4-AE37-AFCD7A28BA5F}.Debug|iPhoneSimulator.Build.0 = Debug|Any CPU
		{D1B175DF-F745-48B4-AE37-AFCD7A28BA5F}.Debug|iPhoneSimulator.Deploy.0 = Debug|Any CPU
		{D1B175DF-F745-48B4-AE37-AFCD7A28BA5F}.Release|Any CPU.ActiveCfg = Release|Any CPU
		{D1B175DF-F745-48B4-AE37-AFCD7A28BA5F}.Release|Any CPU.Build.0 = Release|Any CPU
		{D1B175DF-F745-48B4-AE37-AFCD7A28BA5F}.Release|Any CPU.Deploy.0 = Release|Any CPU
		{D1B175DF-F745-48B4-AE37-AFCD7A28BA5F}.Release|iPhone.ActiveCfg = Release|Any CPU
		{D1B175DF-F745-48B4-AE37-AFCD7A28BA5F}.Release|iPhone.Build.0 = Release|Any CPU
		{D1B175DF-F745-48B4-AE37-AFCD7A28BA5F}.Release|iPhone.Deploy.0 = Release|Any CPU
		{D1B175DF-F745-48B4-AE37-AFCD7A28BA5F}.Release|iPhoneSimulator.ActiveCfg = Release|Any CPU
		{D1B175DF-F745-48B4-AE37-AFCD7A28BA5F}.Release|iPhoneSimulator.Build.0 = Release|Any CPU
		{D1B175DF-F745-48B4-AE37-AFCD7A28BA5F}.Release|iPhoneSimulator.Deploy.0 = Release|Any CPU
	EndGlobalSection
	GlobalSection(SolutionProperties) = preSolution
		HideSolutionNode = FALSE
	EndGlobalSection
	GlobalSection(ExtensibilityGlobals) = postSolution
		SolutionGuid = {7546EC1E-4057-44C2-BF0A-DFACCC1F21EF}
	EndGlobalSection
EndGlobal
